
Microsoft Visual Studio Solution File, Format Version 12.00
# Visual Studio Version 17
VisualStudioVersion = 17.1.32328.378
MinimumVisualStudioVersion = 10.0.40219.1
Project("{FAE04EC0-301F-11D3-BF4B-00C04F79EFBC}") = "FileTwoStreams", "FileTwoStreams\FileTwoStreams.csproj", "{699CEB1A-CD14-4468-B99E-0257630BFA94}"
EndProject
Project("{2150E333-8FDC-42A3-9474-1A3956D46DE8}") = "Solution Items", "Solution Items", "{3BE6F15F-FAF7-46AB-A7BC-A83569CA1CCE}"
	ProjectSection(SolutionItems) = preProject
		ReadMe.txt = ReadMe.txt
	EndProjectSection
EndProject
Global
	GlobalSection(SolutionConfigurationPlatforms) = preSolution
		Debug|Any CPU = Debug|Any CPU
		Release|Any CPU = Release|Any CPU
	EndGlobalSection
	GlobalSection(ProjectConfigurationPlatforms) = postSolution
		{699CEB1A-CD14-4468-B99E-0257630BFA94}.Debug|Any CPU.ActiveCfg = Debug|Any CPU
		{699CEB1A-CD14-4468-B99E-0257630BFA94}.Debug|Any CPU.Build.0 = Debug|Any CPU
		{699CEB1A-CD14-4468-B99E-0257630BFA94}.Release|Any CPU.ActiveCfg = Release|Any CPU
		{699CEB1A-CD14-4468-B99E-0257630BFA94}.Release|Any CPU.Build.0 = Release|Any CPU
	EndGlobalSection
	GlobalSection(SolutionProperties) = preSolution
		HideSolutionNode = FALSE
	EndGlobalSection
	GlobalSection(ExtensibilityGlobals) = postSolution
		SolutionGuid = {61F0AF42-B199-416A-B6BE-F551F03A31DD}
	EndGlobalSection
EndGlobal
