
Microsoft Visual Studio Solution File, Format Version 12.00
# Visual Studio Version 17
VisualStudioVersion = 17.3.32519.111
MinimumVisualStudioVersion = 10.0.40219.1
Project("{9A19103F-16F7-4668-BE54-9A1E7A4F7556}") = "MenuConsole", "MenuConsole\MenuConsole.csproj", "{28DAF1A6-2CBE-44AF-B082-1B92209EA7AF}"
EndProject
Project("{2150E333-8FDC-42A3-9474-1A3956D46DE8}") = "Solution Items", "Solution Items", "{E7C38433-6AD0-4A15-864C-ED322521D193}"
	ProjectSection(SolutionItems) = preProject
		ReadMe.txt = ReadMe.txt
	EndProjectSection
EndProject
Project("{9A19103F-16F7-4668-BE54-9A1E7A4F7556}") = "BitcaskLib", "BitcaskLib\BitcaskLib.csproj", "{C68B7105-3B82-4F3A-86F8-F4C433FDB2B6}"
EndProject
Global
	GlobalSection(SolutionConfigurationPlatforms) = preSolution
		Debug|Any CPU = Debug|Any CPU
		Release|Any CPU = Release|Any CPU
	EndGlobalSection
	GlobalSection(ProjectConfigurationPlatforms) = postSolution
		{28DAF1A6-2CBE-44AF-B082-1B92209EA7AF}.Debug|Any CPU.ActiveCfg = Debug|Any CPU
		{28DAF1A6-2CBE-44AF-B082-1B92209EA7AF}.Debug|Any CPU.Build.0 = Debug|Any CPU
		{28DAF1A6-2CBE-44AF-B082-1B92209EA7AF}.Release|Any CPU.ActiveCfg = Release|Any CPU
		{28DAF1A6-2CBE-44AF-B082-1B92209EA7AF}.Release|Any CPU.Build.0 = Release|Any CPU
		{C68B7105-3B82-4F3A-86F8-F4C433FDB2B6}.Debug|Any CPU.ActiveCfg = Debug|Any CPU
		{C68B7105-3B82-4F3A-86F8-F4C433FDB2B6}.Debug|Any CPU.Build.0 = Debug|Any CPU
		{C68B7105-3B82-4F3A-86F8-F4C433FDB2B6}.Release|Any CPU.ActiveCfg = Release|Any CPU
		{C68B7105-3B82-4F3A-86F8-F4C433FDB2B6}.Release|Any CPU.Build.0 = Release|Any CPU
	EndGlobalSection
	GlobalSection(SolutionProperties) = preSolution
		HideSolutionNode = FALSE
	EndGlobalSection
	GlobalSection(ExtensibilityGlobals) = postSolution
		SolutionGuid = {CBAB12FF-3655-425B-B759-E72218D39F57}
	EndGlobalSection
EndGlobal
